
Microsoft Visual Studio Solution File, Format Version 12.00
# Visual Studio Version 17
VisualStudioVersion = 17.14.36811.4 d17.14
MinimumVisualStudioVersion = 10.0.40219.1
Project("{FAE04EC0-301F-11D3-BF4B-00C04F79EFBC}") = "WMS.Alertas", "WMS.Alertas\WMS.Alertas.csproj", "{2267346F-5E1D-40E5-A8F0-B7DB210F3E5C}"
EndProject
Global
	GlobalSection(SolutionConfigurationPlatforms) = preSolution
		Debug|Any CPU = Debug|Any CPU
		Release|Any CPU = Release|Any CPU
	EndGlobalSection
	GlobalSection(ProjectConfigurationPlatforms) = postSolution
		{2267346F-5E1D-40E5-A8F0-B7DB210F3E5C}.Debug|Any CPU.ActiveCfg = Debug|Any CPU
		{2267346F-5E1D-40E5-A8F0-B7DB210F3E5C}.Debug|Any CPU.Build.0 = Debug|Any CPU
		{2267346F-5E1D-40E5-A8F0-B7DB210F3E5C}.Release|Any CPU.ActiveCfg = Release|Any CPU
		{2267346F-5E1D-40E5-A8F0-B7DB210F3E5C}.Release|Any CPU.Build.0 = Release|Any CPU
	EndGlobalSection
	GlobalSection(SolutionProperties) = preSolution
		HideSolutionNode = FALSE
	EndGlobalSection
	GlobalSection(ExtensibilityGlobals) = postSolution
		SolutionGuid = {CD9773C0-121E-47ED-81C3-840717417345}
	EndGlobalSection
EndGlobal
